// !$*UTF8*$!
{
	archiveVersion = 1;
	classes = {
	};
	objectVersion = 46;
	objects = {

/* Begin PBXBuildFile section */
		D41C1F201D47FA5C00AEDF0E /* TextField.swift in Sources */ = {isa = PBXBuildFile; fileRef = D41C1F1F1D47FA5C00AEDF0E /* TextField.swift */; };
		D41C1F241D48191200AEDF0E /* Button.swift in Sources */ = {isa = PBXBuildFile; fileRef = D41C1F231D48191200AEDF0E /* Button.swift */; };
		D4209C461D45677C009B2132 /* AppDelegate.swift in Sources */ = {isa = PBXBuildFile; fileRef = D4209C451D45677C009B2132 /* AppDelegate.swift */; };
		D4209C481D45677C009B2132 /* CreatePassViewController.swift in Sources */ = {isa = PBXBuildFile; fileRef = D4209C471D45677C009B2132 /* CreatePassViewController.swift */; };
		D4209C4B1D45677C009B2132 /* Main.storyboard in Resources */ = {isa = PBXBuildFile; fileRef = D4209C491D45677C009B2132 /* Main.storyboard */; };
		D4209C4D1D45677C009B2132 /* Assets.xcassets in Resources */ = {isa = PBXBuildFile; fileRef = D4209C4C1D45677C009B2132 /* Assets.xcassets */; };
		D4209C501D45677C009B2132 /* LaunchScreen.storyboard in Resources */ = {isa = PBXBuildFile; fileRef = D4209C4E1D45677C009B2132 /* LaunchScreen.storyboard */; };
		D4209C581D45682A009B2132 /* Entrant.swift in Sources */ = {isa = PBXBuildFile; fileRef = D4209C571D45682A009B2132 /* Entrant.swift */; };
		D4209C5A1D456837009B2132 /* KioskControl.swift in Sources */ = {isa = PBXBuildFile; fileRef = D4209C591D456837009B2132 /* KioskControl.swift */; };
		D4209C5C1D456840009B2132 /* ParkPass.swift in Sources */ = {isa = PBXBuildFile; fileRef = D4209C5B1D456840009B2132 /* ParkPass.swift */; };
		D4209C5F1D456889009B2132 /* Guest.swift in Sources */ = {isa = PBXBuildFile; fileRef = D4209C5E1D456889009B2132 /* Guest.swift */; };
		D4209C611D456891009B2132 /* Employee.swift in Sources */ = {isa = PBXBuildFile; fileRef = D4209C601D456891009B2132 /* Employee.swift */; };
		D4209C631D456897009B2132 /* Manager.swift in Sources */ = {isa = PBXBuildFile; fileRef = D4209C621D456897009B2132 /* Manager.swift */; };
		D4209C651D4568A1009B2132 /* Errors.swift in Sources */ = {isa = PBXBuildFile; fileRef = D4209C641D4568A1009B2132 /* Errors.swift */; };
		D4209C671D4568AB009B2132 /* Sound.swift in Sources */ = {isa = PBXBuildFile; fileRef = D4209C661D4568AB009B2132 /* Sound.swift */; };
		D4209C691D4568B3009B2132 /* DateFormatter.swift in Sources */ = {isa = PBXBuildFile; fileRef = D4209C681D4568B3009B2132 /* DateFormatter.swift */; };
		D48C5B871D4875220042AC80 /* PassViewController.swift in Sources */ = {isa = PBXBuildFile; fileRef = D48C5B861D4875220042AC80 /* PassViewController.swift */; };
/* End PBXBuildFile section */

/* Begin PBXFileReference section */
		D41C1F1F1D47FA5C00AEDF0E /* TextField.swift */ = {isa = PBXFileReference; fileEncoding = 4; lastKnownFileType = sourcecode.swift; path = TextField.swift; sourceTree = "<group>"; };
		D41C1F231D48191200AEDF0E /* Button.swift */ = {isa = PBXFileReference; fileEncoding = 4; lastKnownFileType = sourcecode.swift; path = Button.swift; sourceTree = "<group>"; };
		D4209C421D45677C009B2132 /* Amusment Park Pass Generator: Part 2.app */ = {isa = PBXFileReference; explicitFileType = wrapper.application; includeInIndex = 0; path = "Amusment Park Pass Generator: Part 2.app"; sourceTree = BUILT_PRODUCTS_DIR; };
		D4209C451D45677C009B2132 /* AppDelegate.swift */ = {isa = PBXFileReference; lastKnownFileType = sourcecode.swift; path = AppDelegate.swift; sourceTree = "<group>"; };
		D4209C471D45677C009B2132 /* CreatePassViewController.swift */ = {isa = PBXFileReference; lastKnownFileType = sourcecode.swift; path = CreatePassViewController.swift; sourceTree = "<group>"; };
		D4209C4A1D45677C009B2132 /* Base */ = {isa = PBXFileReference; lastKnownFileType = file.storyboard; name = Base; path = Base.lproj/Main.storyboard; sourceTree = "<group>"; };
		D4209C4C1D45677C009B2132 /* Assets.xcassets */ = {isa = PBXFileReference; lastKnownFileType = folder.assetcatalog; path = Assets.xcassets; sourceTree = "<group>"; };
		D4209C4F1D45677C009B2132 /* Base */ = {isa = PBXFileReference; lastKnownFileType = file.storyboard; name = Base; path = Base.lproj/LaunchScreen.storyboard; sourceTree = "<group>"; };
		D4209C511D45677C009B2132 /* Info.plist */ = {isa = PBXFileReference; lastKnownFileType = text.plist.xml; path = Info.plist; sourceTree = "<group>"; };
		D4209C571D45682A009B2132 /* Entrant.swift */ = {isa = PBXFileReference; fileEncoding = 4; lastKnownFileType = sourcecode.swift; path = Entrant.swift; sourceTree = "<group>"; };
		D4209C591D456837009B2132 /* KioskControl.swift */ = {isa = PBXFileReference; fileEncoding = 4; lastKnownFileType = sourcecode.swift; path = KioskControl.swift; sourceTree = "<group>"; };
		D4209C5B1D456840009B2132 /* ParkPass.swift */ = {isa = PBXFileReference; fileEncoding = 4; lastKnownFileType = sourcecode.swift; path = ParkPass.swift; sourceTree = "<group>"; };
		D4209C5E1D456889009B2132 /* Guest.swift */ = {isa = PBXFileReference; fileEncoding = 4; lastKnownFileType = sourcecode.swift; path = Guest.swift; sourceTree = "<group>"; };
		D4209C601D456891009B2132 /* Employee.swift */ = {isa = PBXFileReference; fileEncoding = 4; lastKnownFileType = sourcecode.swift; path = Employee.swift; sourceTree = "<group>"; };
		D4209C621D456897009B2132 /* Manager.swift */ = {isa = PBXFileReference; fileEncoding = 4; lastKnownFileType = sourcecode.swift; path = Manager.swift; sourceTree = "<group>"; };
		D4209C641D4568A1009B2132 /* Errors.swift */ = {isa = PBXFileReference; fileEncoding = 4; lastKnownFileType = sourcecode.swift; path = Errors.swift; sourceTree = "<group>"; };
		D4209C661D4568AB009B2132 /* Sound.swift */ = {isa = PBXFileReference; fileEncoding = 4; lastKnownFileType = sourcecode.swift; path = Sound.swift; sourceTree = "<group>"; };
		D4209C681D4568B3009B2132 /* DateFormatter.swift */ = {isa = PBXFileReference; fileEncoding = 4; lastKnownFileType = sourcecode.swift; path = DateFormatter.swift; sourceTree = "<group>"; };
		D48C5B861D4875220042AC80 /* PassViewController.swift */ = {isa = PBXFileReference; fileEncoding = 4; lastKnownFileType = sourcecode.swift; path = PassViewController.swift; sourceTree = "<group>"; };
/* End PBXFileReference section */

/* Begin PBXFrameworksBuildPhase section */
		D4209C3F1D45677C009B2132 /* Frameworks */ = {
			isa = PBXFrameworksBuildPhase;
			buildActionMask = 2147483647;
			files = (
			);
			runOnlyForDeploymentPostprocessing = 0;
		};
/* End PBXFrameworksBuildPhase section */

/* Begin PBXGroup section */
		D4209C391D45677C009B2132 = {
			isa = PBXGroup;
			children = (
				D4209C441D45677C009B2132 /* Amusment Park Pass Generator: Part 2 */,
				D4209C431D45677C009B2132 /* Products */,
			);
			sourceTree = "<group>";
		};
		D4209C431D45677C009B2132 /* Products */ = {
			isa = PBXGroup;
			children = (
				D4209C421D45677C009B2132 /* Amusment Park Pass Generator: Part 2.app */,
			);
			name = Products;
			sourceTree = "<group>";
		};
		D4209C441D45677C009B2132 /* Amusment Park Pass Generator: Part 2 */ = {
			isa = PBXGroup;
			children = (
				D4209C451D45677C009B2132 /* AppDelegate.swift */,
				D4209C471D45677C009B2132 /* CreatePassViewController.swift */,
				D48C5B861D4875220042AC80 /* PassViewController.swift */,
				D4209C5D1D456844009B2132 /* ParkModels */,
				D4209C6A1D4568B8009B2132 /* EntrantModels */,
				D4209C661D4568AB009B2132 /* Sound.swift */,
				D4209C681D4568B3009B2132 /* DateFormatter.swift */,
				D41C1F1F1D47FA5C00AEDF0E /* TextField.swift */,
				D41C1F231D48191200AEDF0E /* Button.swift */,
				D4209C491D45677C009B2132 /* Main.storyboard */,
				D4209C4C1D45677C009B2132 /* Assets.xcassets */,
				D4209C4E1D45677C009B2132 /* LaunchScreen.storyboard */,
				D4209C511D45677C009B2132 /* Info.plist */,
			);
			path = "Amusment Park Pass Generator: Part 2";
			sourceTree = "<group>";
		};
		D4209C5D1D456844009B2132 /* ParkModels */ = {
			isa = PBXGroup;
			children = (
				D4209C571D45682A009B2132 /* Entrant.swift */,
				D4209C591D456837009B2132 /* KioskControl.swift */,
				D4209C5B1D456840009B2132 /* ParkPass.swift */,
				D4209C641D4568A1009B2132 /* Errors.swift */,
			);
			name = ParkModels;
			sourceTree = "<group>";
		};
		D4209C6A1D4568B8009B2132 /* EntrantModels */ = {
			isa = PBXGroup;
			children = (
				D4209C5E1D456889009B2132 /* Guest.swift */,
				D4209C601D456891009B2132 /* Employee.swift */,
				D4209C621D456897009B2132 /* Manager.swift */,
			);
			name = EntrantModels;
			sourceTree = "<group>";
		};
/* End PBXGroup section */

/* Begin PBXNativeTarget section */
		D4209C411D45677C009B2132 /* Amusment Park Pass Generator: Part 2 */ = {
			isa = PBXNativeTarget;
			buildConfigurationList = D4209C541D45677C009B2132 /* Build configuration list for PBXNativeTarget "Amusment Park Pass Generator: Part 2" */;
			buildPhases = (
				D4209C3E1D45677C009B2132 /* Sources */,
				D4209C3F1D45677C009B2132 /* Frameworks */,
				D4209C401D45677C009B2132 /* Resources */,
			);
			buildRules = (
			);
			dependencies = (
			);
			name = "Amusment Park Pass Generator: Part 2";
			productName = "Amusment Park Pass Generator: Part 2";
			productReference = D4209C421D45677C009B2132 /* Amusment Park Pass Generator: Part 2.app */;
			productType = "com.apple.product-type.application";
		};
/* End PBXNativeTarget section */

/* Begin PBXProject section */
		D4209C3A1D45677C009B2132 /* Project object */ = {
			isa = PBXProject;
			attributes = {
				LastSwiftUpdateCheck = 0730;
				LastUpgradeCheck = 0730;
				ORGANIZATIONNAME = jsherratt;
				TargetAttributes = {
					D4209C411D45677C009B2132 = {
						CreatedOnToolsVersion = 7.3.1;
					};
				};
			};
			buildConfigurationList = D4209C3D1D45677C009B2132 /* Build configuration list for PBXProject "Amusment Park Pass Generator: Part 2" */;
			compatibilityVersion = "Xcode 3.2";
			developmentRegion = English;
			hasScannedForEncodings = 0;
			knownRegions = (
				en,
				Base,
			);
			mainGroup = D4209C391D45677C009B2132;
			productRefGroup = D4209C431D45677C009B2132 /* Products */;
			projectDirPath = "";
			projectRoot = "";
			targets = (
				D4209C411D45677C009B2132 /* Amusment Park Pass Generator: Part 2 */,
			);
		};
/* End PBXProject section */

/* Begin PBXResourcesBuildPhase section */
		D4209C401D45677C009B2132 /* Resources */ = {
			isa = PBXResourcesBuildPhase;
			buildActionMask = 2147483647;
			files = (
				D4209C501D45677C009B2132 /* LaunchScreen.storyboard in Resources */,
				D4209C4D1D45677C009B2132 /* Assets.xcassets in Resources */,
				D4209C4B1D45677C009B2132 /* Main.storyboard in Resources */,
			);
			runOnlyForDeploymentPostprocessing = 0;
		};
/* End PBXResourcesBuildPhase section */

/* Begin PBXSourcesBuildPhase section */
		D4209C3E1D45677C009B2132 /* Sources */ = {
			isa = PBXSourcesBuildPhase;
			buildActionMask = 2147483647;
			files = (
				D4209C5C1D456840009B2132 /* ParkPass.swift in Sources */,
				D4209C581D45682A009B2132 /* Entrant.swift in Sources */,
				D4209C5F1D456889009B2132 /* Guest.swift in Sources */,
				D41C1F201D47FA5C00AEDF0E /* TextField.swift in Sources */,
				D4209C631D456897009B2132 /* Manager.swift in Sources */,
				D4209C611D456891009B2132 /* Employee.swift in Sources */,
				D4209C691D4568B3009B2132 /* DateFormatter.swift in Sources */,
				D4209C671D4568AB009B2132 /* Sound.swift in Sources */,
				D4209C481D45677C009B2132 /* CreatePassViewController.swift in Sources */,
				D4209C461D45677C009B2132 /* AppDelegate.swift in Sources */,
				D4209C651D4568A1009B2132 /* Errors.swift in Sources */,
				D41C1F241D48191200AEDF0E /* Button.swift in Sources */,
				D4209C5A1D456837009B2132 /* KioskControl.swift in Sources */,
				D48C5B871D4875220042AC80 /* PassViewController.swift in Sources */,
			);
			runOnlyForDeploymentPostprocessing = 0;
		};
/* End PBXSourcesBuildPhase section */

/* Begin PBXVariantGroup section */
		D4209C491D45677C009B2132 /* Main.storyboard */ = {
			isa = PBXVariantGroup;
			children = (
				D4209C4A1D45677C009B2132 /* Base */,
			);
			name = Main.storyboard;
			sourceTree = "<group>";
		};
		D4209C4E1D45677C009B2132 /* LaunchScreen.storyboard */ = {
			isa = PBXVariantGroup;
			children = (
				D4209C4F1D45677C009B2132 /* Base */,
			);
			name = LaunchScreen.storyboard;
			sourceTree = "<group>";
		};
/* End PBXVariantGroup section */

/* Begin XCBuildConfiguration section */
		D4209C521D45677C009B2132 /* Debug */ = {
			isa = XCBuildConfiguration;
			buildSettings = {
				ALWAYS_SEARCH_USER_PATHS = NO;
				CLANG_ANALYZER_NONNULL = YES;
				CLANG_CXX_LANGUAGE_STANDARD = "gnu++0x";
				CLANG_CXX_LIBRARY = "libc++";
				CLANG_ENABLE_MODULES = YES;
				CLANG_ENABLE_OBJC_ARC = YES;
				CLANG_WARN_BOOL_CONVERSION = YES;
				CLANG_WARN_CONSTANT_CONVERSION = YES;
				CLANG_WARN_DIRECT_OBJC_ISA_USAGE = YES_ERROR;
				CLANG_WARN_EMPTY_BODY = YES;
				CLANG_WARN_ENUM_CONVERSION = YES;
				CLANG_WARN_INT_CONVERSION = YES;
				CLANG_WARN_OBJC_ROOT_CLASS = YES_ERROR;
				CLANG_WARN_UNREACHABLE_CODE = YES;
				CLANG_WARN__DUPLICATE_METHOD_MATCH = YES;
				"CODE_SIGN_IDENTITY[sdk=iphoneos*]" = "iPhone Developer";
				COPY_PHASE_STRIP = NO;
				DEBUG_INFORMATION_FORMAT = dwarf;
				ENABLE_STRICT_OBJC_MSGSEND = YES;
				ENABLE_TESTABILITY = YES;
				GCC_C_LANGUAGE_STANDARD = gnu99;
				GCC_DYNAMIC_NO_PIC = NO;
				GCC_NO_COMMON_BLOCKS = YES;
				GCC_OPTIMIZATION_LEVEL = 0;
				GCC_PREPROCESSOR_DEFINITIONS = (
					"DEBUG=1",
					"$(inherited)",
				);
				GCC_WARN_64_TO_32_BIT_CONVERSION = YES;
				GCC_WARN_ABOUT_RETURN_TYPE = YES_ERROR;
				GCC_WARN_UNDECLARED_SELECTOR = YES;
				GCC_WARN_UNINITIALIZED_AUTOS = YES_AGGRESSIVE;
				GCC_WARN_UNUSED_FUNCTION = YES;
				GCC_WARN_UNUSED_VARIABLE = YES;
				IPHONEOS_DEPLOYMENT_TARGET = 9.3;
				MTL_ENABLE_DEBUG_INFO = YES;
				ONLY_ACTIVE_ARCH = YES;
				SDKROOT = iphoneos;
				SWIFT_OPTIMIZATION_LEVEL = "-Onone";
				TARGETED_DEVICE_FAMILY = 2;
			};
			name = Debug;
		};
		D4209C531D45677C009B2132 /* Release */ = {
			isa = XCBuildConfiguration;
			buildSettings = {
				ALWAYS_SEARCH_USER_PATHS = NO;
				CLANG_ANALYZER_NONNULL = YES;
				CLANG_CXX_LANGUAGE_STANDARD = "gnu++0x";
				CLANG_CXX_LIBRARY = "libc++";
				CLANG_ENABLE_MODULES = YES;
				CLANG_ENABLE_OBJC_ARC = YES;
				CLANG_WARN_BOOL_CONVERSION = YES;
				CLANG_WARN_CONSTANT_CONVERSION = YES;
				CLANG_WARN_DIRECT_OBJC_ISA_USAGE = YES_ERROR;
				CLANG_WARN_EMPTY_BODY = YES;
				CLANG_WARN_ENUM_CONVERSION = YES;
				CLANG_WARN_INT_CONVERSION = YES;
				CLANG_WARN_OBJC_ROOT_CLASS = YES_ERROR;
				CLANG_WARN_UNREACHABLE_CODE = YES;
				CLANG_WARN__DUPLICATE_METHOD_MATCH = YES;
				"CODE_SIGN_IDENTITY[sdk=iphoneos*]" = "iPhone Developer";
				COPY_PHASE_STRIP = NO;
				DEBUG_INFORMATION_FORMAT = "dwarf-with-dsym";
				ENABLE_NS_ASSERTIONS = NO;
				ENABLE_STRICT_OBJC_MSGSEND = YES;
				GCC_C_LANGUAGE_STANDARD = gnu99;
				GCC_NO_COMMON_BLOCKS = YES;
				GCC_WARN_64_TO_32_BIT_CONVERSION = YES;
				GCC_WARN_ABOUT_RETURN_TYPE = YES_ERROR;
				GCC_WARN_UNDECLARED_SELECTOR = YES;
				GCC_WARN_UNINITIALIZED_AUTOS = YES_AGGRESSIVE;
				GCC_WARN_UNUSED_FUNCTION = YES;
				GCC_WARN_UNUSED_VARIABLE = YES;
				IPHONEOS_DEPLOYMENT_TARGET = 9.3;
				MTL_ENABLE_DEBUG_INFO = NO;
				SDKROOT = iphoneos;
				TARGETED_DEVICE_FAMILY = 2;
				VALIDATE_PRODUCT = YES;
			};
			name = Release;
		};
		D4209C551D45677C009B2132 /* Debug */ = {
			isa = XCBuildConfiguration;
			buildSettings = {
				ASSETCATALOG_COMPILER_APPICON_NAME = AppIcon;
				INFOPLIST_FILE = "Amusment Park Pass Generator: Part 2/Info.plist";
				LD_RUNPATH_SEARCH_PATHS = "$(inherited) @executable_path/Frameworks";
				PRODUCT_BUNDLE_IDENTIFIER = "com.jsherratt.Amusment-Park-Pass-Generator--Part-2";
				PRODUCT_NAME = "$(TARGET_NAME)";
			};
			name = Debug;
		};
		D4209C561D45677C009B2132 /* Release */ = {
			isa = XCBuildConfiguration;
			buildSettings = {
				ASSETCATALOG_COMPILER_APPICON_NAME = AppIcon;
				INFOPLIST_FILE = "Amusment Park Pass Generator: Part 2/Info.plist";
				LD_RUNPATH_SEARCH_PATHS = "$(inherited) @executable_path/Frameworks";
				PRODUCT_BUNDLE_IDENTIFIER = "com.jsherratt.Amusment-Park-Pass-Generator--Part-2";
				PRODUCT_NAME = "$(TARGET_NAME)";
			};
			name = Release;
		};
/* End XCBuildConfiguration section */

/* Begin XCConfigurationList section */
		D4209C3D1D45677C009B2132 /* Build configuration list for PBXProject "Amusment Park Pass Generator: Part 2" */ = {
			isa = XCConfigurationList;
			buildConfigurations = (
				D4209C521D45677C009B2132 /* Debug */,
				D4209C531D45677C009B2132 /* Release */,
			);
			defaultConfigurationIsVisible = 0;
			defaultConfigurationName = Release;
		};
		D4209C541D45677C009B2132 /* Build configuration list for PBXNativeTarget "Amusment Park Pass Generator: Part 2" */ = {
			isa = XCConfigurationList;
			buildConfigurations = (
				D4209C551D45677C009B2132 /* Debug */,
				D4209C561D45677C009B2132 /* Release */,
			);
			defaultConfigurationIsVisible = 0;
			defaultConfigurationName = Release;
		};
/* End XCConfigurationList section */
	};
	rootObject = D4209C3A1D45677C009B2132 /* Project object */;
}
